
Microsoft Visual Studio Solution File, Format Version 12.00
# Visual Studio Version 17
VisualStudioVersion = 17.14.36408.4
MinimumVisualStudioVersion = 10.0.40219.1
Project("{8BC9CEB8-8B4A-11D0-8D11-00A0C91BC942}") = "00-01", "00-01\00-01.vcxproj", "{50F32B5F-81E3-45DA-ADA1-A58A49EA090C}"
EndProject
Project("{2150E333-8FDC-42A3-9474-1A3956D46DE8}") = "ソリューション項目", "ソリューション項目", "{2022CB0F-8BAF-F49E-0C48-8EF4C96EC109}"
	ProjectSection(SolutionItems) = preProject
		.editorconfig = .editorconfig
	EndProjectSection
EndProject
Project("{8BC9CEB8-8B4A-11D0-8D11-00A0C91BC942}") = "01-01", "01-01\01-01.vcxproj", "{0E7A0713-CD4D-441B-8BE9-557AEEBAE5C1}"
EndProject
Project("{8BC9CEB8-8B4A-11D0-8D11-00A0C91BC942}") = "01-02", "01-02\01-02.vcxproj", "{30E4AE32-2292-4F37-A665-1ACB40315F5A}"
EndProject
Project("{8BC9CEB8-8B4A-11D0-8D11-00A0C91BC942}") = "02-01", "02-01\02-01.vcxproj", "{5C62E9FD-1145-48A9-934A-FF8104E9018F}"
EndProject
Project("{8BC9CEB8-8B4A-11D0-8D11-00A0C91BC942}") = "02-02", "02-02\02-02.vcxproj", "{E56C5936-FAB8-447A-8473-2A1B4B8F803F}"
EndProject
Project("{8BC9CEB8-8B4A-11D0-8D11-00A0C91BC942}") = "02-03", "02-03\02-03.vcxproj", "{669A9BFF-4E16-467F-9157-1C9DFDAB3489}"
EndProject
Project("{8BC9CEB8-8B4A-11D0-8D11-00A0C91BC942}") = "02-04", "02-04\02-04.vcxproj", "{A38629CE-AAC8-48EA-9795-B4DC34DA22AF}"
EndProject
Project("{8BC9CEB8-8B4A-11D0-8D11-00A0C91BC942}") = "03-01", "03-01\03-01.vcxproj", "{12CE6397-B140-4A8B-9203-728B48627CD7}"
EndProject
Global
	GlobalSection(SolutionConfigurationPlatforms) = preSolution
		Debug|x64 = Debug|x64
		Debug|x86 = Debug|x86
		Release|x64 = Release|x64
		Release|x86 = Release|x86
	EndGlobalSection
	GlobalSection(ProjectConfigurationPlatforms) = postSolution
		{50F32B5F-81E3-45DA-ADA1-A58A49EA090C}.Debug|x64.ActiveCfg = Debug|x64
		{50F32B5F-81E3-45DA-ADA1-A58A49EA090C}.Debug|x64.Build.0 = Debug|x64
		{50F32B5F-81E3-45DA-ADA1-A58A49EA090C}.Debug|x86.ActiveCfg = Debug|Win32
		{50F32B5F-81E3-45DA-ADA1-A58A49EA090C}.Debug|x86.Build.0 = Debug|Win32
		{50F32B5F-81E3-45DA-ADA1-A58A49EA090C}.Release|x64.ActiveCfg = Release|x64
		{50F32B5F-81E3-45DA-ADA1-A58A49EA090C}.Release|x64.Build.0 = Release|x64
		{50F32B5F-81E3-45DA-ADA1-A58A49EA090C}.Release|x86.ActiveCfg = Release|Win32
		{50F32B5F-81E3-45DA-ADA1-A58A49EA090C}.Release|x86.Build.0 = Release|Win32
		{0E7A0713-CD4D-441B-8BE9-557AEEBAE5C1}.Debug|x64.ActiveCfg = Debug|x64
		{0E7A0713-CD4D-441B-8BE9-557AEEBAE5C1}.Debug|x64.Build.0 = Debug|x64
		{0E7A0713-CD4D-441B-8BE9-557AEEBAE5C1}.Debug|x86.ActiveCfg = Debug|Win32
		{0E7A0713-CD4D-441B-8BE9-557AEEBAE5C1}.Debug|x86.Build.0 = Debug|Win32
		{0E7A0713-CD4D-441B-8BE9-557AEEBAE5C1}.Release|x64.ActiveCfg = Release|x64
		{0E7A0713-CD4D-441B-8BE9-557AEEBAE5C1}.Release|x64.Build.0 = Release|x64
		{0E7A0713-CD4D-441B-8BE9-557AEEBAE5C1}.Release|x86.ActiveCfg = Release|Win32
		{0E7A0713-CD4D-441B-8BE9-557AEEBAE5C1}.Release|x86.Build.0 = Release|Win32
		{30E4AE32-2292-4F37-A665-1ACB40315F5A}.Debug|x64.ActiveCfg = Debug|x64
		{30E4AE32-2292-4F37-A665-1ACB40315F5A}.Debug|x64.Build.0 = Debug|x64
		{30E4AE32-2292-4F37-A665-1ACB40315F5A}.Debug|x86.ActiveCfg = Debug|Win32
		{30E4AE32-2292-4F37-A665-1ACB40315F5A}.Debug|x86.Build.0 = Debug|Win32
		{30E4AE32-2292-4F37-A665-1ACB40315F5A}.Release|x64.ActiveCfg = Release|x64
		{30E4AE32-2292-4F37-A665-1ACB40315F5A}.Release|x64.Build.0 = Release|x64
		{30E4AE32-2292-4F37-A665-1ACB40315F5A}.Release|x86.ActiveCfg = Release|Win32
		{30E4AE32-2292-4F37-A665-1ACB40315F5A}.Release|x86.Build.0 = Release|Win32
		{5C62E9FD-1145-48A9-934A-FF8104E9018F}.Debug|x64.ActiveCfg = Debug|x64
		{5C62E9FD-1145-48A9-934A-FF8104E9018F}.Debug|x64.Build.0 = Debug|x64
		{5C62E9FD-1145-48A9-934A-FF8104E9018F}.Debug|x86.ActiveCfg = Debug|Win32
		{5C62E9FD-1145-48A9-934A-FF8104E9018F}.Debug|x86.Build.0 = Debug|Win32
		{5C62E9FD-1145-48A9-934A-FF8104E9018F}.Release|x64.ActiveCfg = Release|x64
		{5C62E9FD-1145-48A9-934A-FF8104E9018F}.Release|x64.Build.0 = Release|x64
		{5C62E9FD-1145-48A9-934A-FF8104E9018F}.Release|x86.ActiveCfg = Release|Win32
		{5C62E9FD-1145-48A9-934A-FF8104E9018F}.Release|x86.Build.0 = Release|Win32
		{E56C5936-FAB8-447A-8473-2A1B4B8F803F}.Debug|x64.ActiveCfg = Debug|x64
		{E56C5936-FAB8-447A-8473-2A1B4B8F803F}.Debug|x64.Build.0 = Debug|x64
		{E56C5936-FAB8-447A-8473-2A1B4B8F803F}.Debug|x86.ActiveCfg = Debug|Win32
		{E56C5936-FAB8-447A-8473-2A1B4B8F803F}.Debug|x86.Build.0 = Debug|Win32
		{E56C5936-FAB8-447A-8473-2A1B4B8F803F}.Release|x64.ActiveCfg = Release|x64
		{E56C5936-FAB8-447A-8473-2A1B4B8F803F}.Release|x64.Build.0 = Release|x64
		{E56C5936-FAB8-447A-8473-2A1B4B8F803F}.Release|x86.ActiveCfg = Release|Win32
		{E56C5936-FAB8-447A-8473-2A1B4B8F803F}.Release|x86.Build.0 = Release|Win32
		{669A9BFF-4E16-467F-9157-1C9DFDAB3489}.Debug|x64.ActiveCfg = Debug|x64
		{669A9BFF-4E16-467F-9157-1C9DFDAB3489}.Debug|x64.Build.0 = Debug|x64
		{669A9BFF-4E16-467F-9157-1C9DFDAB3489}.Debug|x86.ActiveCfg = Debug|Win32
		{669A9BFF-4E16-467F-9157-1C9DFDAB3489}.Debug|x86.Build.0 = Debug|Win32
		{669A9BFF-4E16-467F-9157-1C9DFDAB3489}.Release|x64.ActiveCfg = Release|x64
		{669A9BFF-4E16-467F-9157-1C9DFDAB3489}.Release|x64.Build.0 = Release|x64
		{669A9BFF-4E16-467F-9157-1C9DFDAB3489}.Release|x86.ActiveCfg = Release|Win32
		{669A9BFF-4E16-467F-9157-1C9DFDAB3489}.Release|x86.Build.0 = Release|Win32
		{A38629CE-AAC8-48EA-9795-B4DC34DA22AF}.Debug|x64.ActiveCfg = Debug|x64
		{A38629CE-AAC8-48EA-9795-B4DC34DA22AF}.Debug|x64.Build.0 = Debug|x64
		{A38629CE-AAC8-48EA-9795-B4DC34DA22AF}.Debug|x86.ActiveCfg = Debug|Win32
		{A38629CE-AAC8-48EA-9795-B4DC34DA22AF}.Debug|x86.Build.0 = Debug|Win32
		{A38629CE-AAC8-48EA-9795-B4DC34DA22AF}.Release|x64.ActiveCfg = Release|x64
		{A38629CE-AAC8-48EA-9795-B4DC34DA22AF}.Release|x64.Build.0 = Release|x64
		{A38629CE-AAC8-48EA-9795-B4DC34DA22AF}.Release|x86.ActiveCfg = Release|Win32
		{A38629CE-AAC8-48EA-9795-B4DC34DA22AF}.Release|x86.Build.0 = Release|Win32
		{12CE6397-B140-4A8B-9203-728B48627CD7}.Debug|x64.ActiveCfg = Debug|x64
		{12CE6397-B140-4A8B-9203-728B48627CD7}.Debug|x64.Build.0 = Debug|x64
		{12CE6397-B140-4A8B-9203-728B48627CD7}.Debug|x86.ActiveCfg = Debug|Win32
		{12CE6397-B140-4A8B-9203-728B48627CD7}.Debug|x86.Build.0 = Debug|Win32
		{12CE6397-B140-4A8B-9203-728B48627CD7}.Release|x64.ActiveCfg = Release|x64
		{12CE6397-B140-4A8B-9203-728B48627CD7}.Release|x64.Build.0 = Release|x64
		{12CE6397-B140-4A8B-9203-728B48627CD7}.Release|x86.ActiveCfg = Release|Win32
		{12CE6397-B140-4A8B-9203-728B48627CD7}.Release|x86.Build.0 = Release|Win32
	EndGlobalSection
	GlobalSection(SolutionProperties) = preSolution
		HideSolutionNode = FALSE
	EndGlobalSection
	GlobalSection(ExtensibilityGlobals) = postSolution
		SolutionGuid = {716A6862-D1FE-405C-8A0C-80581DE496CA}
	EndGlobalSection
EndGlobal
